
Microsoft Visual Studio Solution File, Format Version 12.00
# Visual Studio 2012
Project("{F2A71F9B-5D33-465A-A702-920D77279786}") = "Akomachi", "Akomachi\Akomachi.fsproj", "{BE738261-3621-48F5-8F68-BEC4690DF616}"
EndProject
Project("{F2A71F9B-5D33-465A-A702-920D77279786}") = "AkomachiRun", "AkomachiRun\AkomachiRun.fsproj", "{CF06E59D-0058-4A7B-AA2E-4EBF05D9A157}"
EndProject
Global
	GlobalSection(SolutionConfigurationPlatforms) = preSolution
		Debug|Any CPU = Debug|Any CPU
		Release|Any CPU = Release|Any CPU
	EndGlobalSection
	GlobalSection(ProjectConfigurationPlatforms) = postSolution
		{BE738261-3621-48F5-8F68-BEC4690DF616}.Debug|Any CPU.ActiveCfg = Debug|Any CPU
		{BE738261-3621-48F5-8F68-BEC4690DF616}.Debug|Any CPU.Build.0 = Debug|Any CPU
		{BE738261-3621-48F5-8F68-BEC4690DF616}.Release|Any CPU.ActiveCfg = Release|Any CPU
		{BE738261-3621-48F5-8F68-BEC4690DF616}.Release|Any CPU.Build.0 = Release|Any CPU
		{CF06E59D-0058-4A7B-AA2E-4EBF05D9A157}.Debug|Any CPU.ActiveCfg = Debug|Any CPU
		{CF06E59D-0058-4A7B-AA2E-4EBF05D9A157}.Debug|Any CPU.Build.0 = Debug|Any CPU
		{CF06E59D-0058-4A7B-AA2E-4EBF05D9A157}.Release|Any CPU.ActiveCfg = Release|Any CPU
		{CF06E59D-0058-4A7B-AA2E-4EBF05D9A157}.Release|Any CPU.Build.0 = Release|Any CPU
	EndGlobalSection
	GlobalSection(SolutionProperties) = preSolution
		HideSolutionNode = FALSE
	EndGlobalSection
EndGlobal
